{
  "name": "devicefingerprint",
  "version": "1.0.0",
  "lockfileVersion": 1,
  "requires": true,
  "dependencies": {
    "clientjs": {
      "version": "0.1.11",
      "resolved": "https://registry.npmjs.org/clientjs/-/clientjs-0.1.11.tgz",
      "integrity": "sha1-Rm4bE8Ipo8u9hIT5hTHc1lj4EFQ="
    }
  }
}
